
Microsoft Visual Studio Solution File, Format Version 12.00
# Visual Studio 15
VisualStudioVersion = 15.0.28307.852
MinimumVisualStudioVersion = 10.0.40219.1
Project("{FAE04EC0-301F-11D3-BF4B-00C04F79EFBC}") = "StockManagementSystem", "StockManagementSystem\StockManagementSystem.csproj", "{0617E25E-1EE8-4A4E-AD9B-70A48A310E6A}"
EndProject
Global
	GlobalSection(SolutionConfigurationPlatforms) = preSolution
		Debug|Any CPU = Debug|Any CPU
		Release|Any CPU = Release|Any CPU
	EndGlobalSection
	GlobalSection(ProjectConfigurationPlatforms) = postSolution
		{0617E25E-1EE8-4A4E-AD9B-70A48A310E6A}.Debug|Any CPU.ActiveCfg = Debug|Any CPU
		{0617E25E-1EE8-4A4E-AD9B-70A48A310E6A}.Debug|Any CPU.Build.0 = Debug|Any CPU
		{0617E25E-1EE8-4A4E-AD9B-70A48A310E6A}.Release|Any CPU.ActiveCfg = Release|Any CPU
		{0617E25E-1EE8-4A4E-AD9B-70A48A310E6A}.Release|Any CPU.Build.0 = Release|Any CPU
	EndGlobalSection
	GlobalSection(SolutionProperties) = preSolution
		HideSolutionNode = FALSE
	EndGlobalSection
	GlobalSection(ExtensibilityGlobals) = postSolution
		SolutionGuid = {E0C18525-4ACE-493B-B60A-842E8E0E4672}
	EndGlobalSection
EndGlobal
